
Microsoft Visual Studio Solution File, Format Version 12.00
# Visual Studio Version 16
VisualStudioVersion = 16.0.29509.3
MinimumVisualStudioVersion = 10.0.40219.1
Project("{9A19103F-16F7-4668-BE54-9A1E7A4F7556}") = "TestFirstDemoCoreAngular", "TestFirstDemoCoreAngular.csproj", "{804B0A1B-D5F0-41A6-A3C1-A32AF6E3C2C0}"
EndProject
Global
	GlobalSection(SolutionConfigurationPlatforms) = preSolution
		Debug|Any CPU = Debug|Any CPU
		Release|Any CPU = Release|Any CPU
	EndGlobalSection
	GlobalSection(ProjectConfigurationPlatforms) = postSolution
		{804B0A1B-D5F0-41A6-A3C1-A32AF6E3C2C0}.Debug|Any CPU.ActiveCfg = Debug|Any CPU
		{804B0A1B-D5F0-41A6-A3C1-A32AF6E3C2C0}.Debug|Any CPU.Build.0 = Debug|Any CPU
		{804B0A1B-D5F0-41A6-A3C1-A32AF6E3C2C0}.Release|Any CPU.ActiveCfg = Release|Any CPU
		{804B0A1B-D5F0-41A6-A3C1-A32AF6E3C2C0}.Release|Any CPU.Build.0 = Release|Any CPU
	EndGlobalSection
	GlobalSection(SolutionProperties) = preSolution
		HideSolutionNode = FALSE
	EndGlobalSection
	GlobalSection(ExtensibilityGlobals) = postSolution
		SolutionGuid = {C98A251C-235F-4BCA-80E0-FA9FF5A02A91}
	EndGlobalSection
EndGlobal
